
Microsoft Visual Studio Solution File, Format Version 12.00
# Visual Studio 2015
Project("{FAE04EC0-301F-11D3-BF4B-00C04F79EFBC}") = "ResTool.CSharp", "ResTool.CSharp.csproj", "{18F2F49F-7490-1CCA-F341-DDBF809981CC}"
EndProject
Project("{FAE04EC0-301F-11D3-BF4B-00C04F79EFBC}") = "ResTool.CSharp.Editor", "ResTool.CSharp.Editor.csproj", "{080BFC56-3FC3-13AF-399F-72BEE1B37764}"
EndProject
Global
	GlobalSection(SolutionConfigurationPlatforms) = preSolution
		Debug|Any CPU = Debug|Any CPU
		Release|Any CPU = Release|Any CPU
	EndGlobalSection
	GlobalSection(ProjectConfigurationPlatforms) = postSolution
		{18F2F49F-7490-1CCA-F341-DDBF809981CC}.Debug|Any CPU.ActiveCfg = Debug|Any CPU
		{18F2F49F-7490-1CCA-F341-DDBF809981CC}.Debug|Any CPU.Build.0 = Debug|Any CPU
		{18F2F49F-7490-1CCA-F341-DDBF809981CC}.Release|Any CPU.ActiveCfg = Release|Any CPU
		{18F2F49F-7490-1CCA-F341-DDBF809981CC}.Release|Any CPU.Build.0 = Release|Any CPU
		{080BFC56-3FC3-13AF-399F-72BEE1B37764}.Debug|Any CPU.ActiveCfg = Debug|Any CPU
		{080BFC56-3FC3-13AF-399F-72BEE1B37764}.Debug|Any CPU.Build.0 = Debug|Any CPU
		{080BFC56-3FC3-13AF-399F-72BEE1B37764}.Release|Any CPU.ActiveCfg = Release|Any CPU
		{080BFC56-3FC3-13AF-399F-72BEE1B37764}.Release|Any CPU.Build.0 = Release|Any CPU
	EndGlobalSection
	GlobalSection(SolutionProperties) = preSolution
		HideSolutionNode = FALSE
	EndGlobalSection
EndGlobal
